// !$*UTF8*$!
{
	archiveVersion = 1;
	classes = {
	};
	objectVersion = 55;
	objects = {

/* Begin PBXBuildFile section */
		7CE734FB270F9931006CC88E /* SwiftUI_String_FunctionsExamplesApp.swift in Sources */ = {isa = PBXBuildFile; fileRef = 7CE734FA270F9931006CC88E /* SwiftUI_String_FunctionsExamplesApp.swift */; };
		7CE734FD270F9931006CC88E /* ContentView.swift in Sources */ = {isa = PBXBuildFile; fileRef = 7CE734FC270F9931006CC88E /* ContentView.swift */; };
		7CE734FF270F9932006CC88E /* Assets.xcassets in Resources */ = {isa = PBXBuildFile; fileRef = 7CE734FE270F9932006CC88E /* Assets.xcassets */; };
		7CE73502270F9932006CC88E /* Preview Assets.xcassets in Resources */ = {isa = PBXBuildFile; fileRef = 7CE73501270F9932006CC88E /* Preview Assets.xcassets */; };
		7CE73509270FA1C4006CC88E /* SwiftUIExample-2.swift in Sources */ = {isa = PBXBuildFile; fileRef = 7CE73508270FA1C4006CC88E /* SwiftUIExample-2.swift */; };
		7CE7350B2710B575006CC88E /* SwiftUIExample-3.swift in Sources */ = {isa = PBXBuildFile; fileRef = 7CE7350A2710B575006CC88E /* SwiftUIExample-3.swift */; };
		7CE7350D2710B891006CC88E /* SwiftUIExample-4.swift in Sources */ = {isa = PBXBuildFile; fileRef = 7CE7350C2710B891006CC88E /* SwiftUIExample-4.swift */; };
		7CE7350F2710BE60006CC88E /* SwiftUIExample-5.swift in Sources */ = {isa = PBXBuildFile; fileRef = 7CE7350E2710BE60006CC88E /* SwiftUIExample-5.swift */; };
		7CE735112710C72A006CC88E /* SwiftUIExample-6.swift in Sources */ = {isa = PBXBuildFile; fileRef = 7CE735102710C72A006CC88E /* SwiftUIExample-6.swift */; };
		7CE735132710CFCB006CC88E /* SwiftUIExample-7.swift in Sources */ = {isa = PBXBuildFile; fileRef = 7CE735122710CFCB006CC88E /* SwiftUIExample-7.swift */; };
		7CE735152710D881006CC88E /* SwiftUIExample-8.swift in Sources */ = {isa = PBXBuildFile; fileRef = 7CE735142710D881006CC88E /* SwiftUIExample-8.swift */; };
/* End PBXBuildFile section */

/* Begin PBXFileReference section */
		7CE734F7270F9931006CC88E /* SwiftUI-String&FunctionsExamples.app */ = {isa = PBXFileReference; explicitFileType = wrapper.application; includeInIndex = 0; path = "SwiftUI-String&FunctionsExamples.app"; sourceTree = BUILT_PRODUCTS_DIR; };
		7CE734FA270F9931006CC88E /* SwiftUI_String_FunctionsExamplesApp.swift */ = {isa = PBXFileReference; lastKnownFileType = sourcecode.swift; path = SwiftUI_String_FunctionsExamplesApp.swift; sourceTree = "<group>"; };
		7CE734FC270F9931006CC88E /* ContentView.swift */ = {isa = PBXFileReference; lastKnownFileType = sourcecode.swift; path = ContentView.swift; sourceTree = "<group>"; };
		7CE734FE270F9932006CC88E /* Assets.xcassets */ = {isa = PBXFileReference; lastKnownFileType = folder.assetcatalog; path = Assets.xcassets; sourceTree = "<group>"; };
		7CE73501270F9932006CC88E /* Preview Assets.xcassets */ = {isa = PBXFileReference; lastKnownFileType = folder.assetcatalog; path = "Preview Assets.xcassets"; sourceTree = "<group>"; };
		7CE73508270FA1C4006CC88E /* SwiftUIExample-2.swift */ = {isa = PBXFileReference; lastKnownFileType = sourcecode.swift; path = "SwiftUIExample-2.swift"; sourceTree = "<group>"; };
		7CE7350A2710B575006CC88E /* SwiftUIExample-3.swift */ = {isa = PBXFileReference; lastKnownFileType = sourcecode.swift; path = "SwiftUIExample-3.swift"; sourceTree = "<group>"; };
		7CE7350C2710B891006CC88E /* SwiftUIExample-4.swift */ = {isa = PBXFileReference; lastKnownFileType = sourcecode.swift; path = "SwiftUIExample-4.swift"; sourceTree = "<group>"; };
		7CE7350E2710BE60006CC88E /* SwiftUIExample-5.swift */ = {isa = PBXFileReference; lastKnownFileType = sourcecode.swift; path = "SwiftUIExample-5.swift"; sourceTree = "<group>"; };
		7CE735102710C72A006CC88E /* SwiftUIExample-6.swift */ = {isa = PBXFileReference; lastKnownFileType = sourcecode.swift; path = "SwiftUIExample-6.swift"; sourceTree = "<group>"; };
		7CE735122710CFCB006CC88E /* SwiftUIExample-7.swift */ = {isa = PBXFileReference; lastKnownFileType = sourcecode.swift; path = "SwiftUIExample-7.swift"; sourceTree = "<group>"; };
		7CE735142710D881006CC88E /* SwiftUIExample-8.swift */ = {isa = PBXFileReference; lastKnownFileType = sourcecode.swift; path = "SwiftUIExample-8.swift"; sourceTree = "<group>"; };
/* End PBXFileReference section */

/* Begin PBXFrameworksBuildPhase section */
		7CE734F4270F9931006CC88E /* Frameworks */ = {
			isa = PBXFrameworksBuildPhase;
			buildActionMask = 2147483647;
			files = (
			);
			runOnlyForDeploymentPostprocessing = 0;
		};
/* End PBXFrameworksBuildPhase section */

/* Begin PBXGroup section */
		7CE734EE270F9931006CC88E = {
			isa = PBXGroup;
			children = (
				7CE734F9270F9931006CC88E /* SwiftUI-String&FunctionsExamples */,
				7CE734F8270F9931006CC88E /* Products */,
			);
			sourceTree = "<group>";
		};
		7CE734F8270F9931006CC88E /* Products */ = {
			isa = PBXGroup;
			children = (
				7CE734F7270F9931006CC88E /* SwiftUI-String&FunctionsExamples.app */,
			);
			name = Products;
			sourceTree = "<group>";
		};
		7CE734F9270F9931006CC88E /* SwiftUI-String&FunctionsExamples */ = {
			isa = PBXGroup;
			children = (
				7CE734FA270F9931006CC88E /* SwiftUI_String_FunctionsExamplesApp.swift */,
				7CE73508270FA1C4006CC88E /* SwiftUIExample-2.swift */,
				7CE7350A2710B575006CC88E /* SwiftUIExample-3.swift */,
				7CE7350C2710B891006CC88E /* SwiftUIExample-4.swift */,
				7CE7350E2710BE60006CC88E /* SwiftUIExample-5.swift */,
				7CE735102710C72A006CC88E /* SwiftUIExample-6.swift */,
				7CE735122710CFCB006CC88E /* SwiftUIExample-7.swift */,
				7CE735142710D881006CC88E /* SwiftUIExample-8.swift */,
				7CE734FC270F9931006CC88E /* ContentView.swift */,
				7CE734FE270F9932006CC88E /* Assets.xcassets */,
				7CE73500270F9932006CC88E /* Preview Content */,
			);
			path = "SwiftUI-String&FunctionsExamples";
			sourceTree = "<group>";
		};
		7CE73500270F9932006CC88E /* Preview Content */ = {
			isa = PBXGroup;
			children = (
				7CE73501270F9932006CC88E /* Preview Assets.xcassets */,
			);
			path = "Preview Content";
			sourceTree = "<group>";
		};
/* End PBXGroup section */

/* Begin PBXNativeTarget section */
		7CE734F6270F9931006CC88E /* SwiftUI-String&FunctionsExamples */ = {
			isa = PBXNativeTarget;
			buildConfigurationList = 7CE73505270F9932006CC88E /* Build configuration list for PBXNativeTarget "SwiftUI-String&FunctionsExamples" */;
			buildPhases = (
				7CE734F3270F9931006CC88E /* Sources */,
				7CE734F4270F9931006CC88E /* Frameworks */,
				7CE734F5270F9931006CC88E /* Resources */,
			);
			buildRules = (
			);
			dependencies = (
			);
			name = "SwiftUI-String&FunctionsExamples";
			productName = "SwiftUI-String&FunctionsExamples";
			productReference = 7CE734F7270F9931006CC88E /* SwiftUI-String&FunctionsExamples.app */;
			productType = "com.apple.product-type.application";
		};
/* End PBXNativeTarget section */

/* Begin PBXProject section */
		7CE734EF270F9931006CC88E /* Project object */ = {
			isa = PBXProject;
			attributes = {
				BuildIndependentTargetsInParallel = 1;
				LastSwiftUpdateCheck = 1300;
				LastUpgradeCheck = 1300;
				TargetAttributes = {
					7CE734F6270F9931006CC88E = {
						CreatedOnToolsVersion = 13.0;
					};
				};
			};
			buildConfigurationList = 7CE734F2270F9931006CC88E /* Build configuration list for PBXProject "SwiftUI-String&FunctionsExamples" */;
			compatibilityVersion = "Xcode 13.0";
			developmentRegion = en;
			hasScannedForEncodings = 0;
			knownRegions = (
				en,
				Base,
			);
			mainGroup = 7CE734EE270F9931006CC88E;
			productRefGroup = 7CE734F8270F9931006CC88E /* Products */;
			projectDirPath = "";
			projectRoot = "";
			targets = (
				7CE734F6270F9931006CC88E /* SwiftUI-String&FunctionsExamples */,
			);
		};
/* End PBXProject section */

/* Begin PBXResourcesBuildPhase section */
		7CE734F5270F9931006CC88E /* Resources */ = {
			isa = PBXResourcesBuildPhase;
			buildActionMask = 2147483647;
			files = (
				7CE73502270F9932006CC88E /* Preview Assets.xcassets in Resources */,
				7CE734FF270F9932006CC88E /* Assets.xcassets in Resources */,
			);
			runOnlyForDeploymentPostprocessing = 0;
		};
/* End PBXResourcesBuildPhase section */

/* Begin PBXSourcesBuildPhase section */
		7CE734F3270F9931006CC88E /* Sources */ = {
			isa = PBXSourcesBuildPhase;
			buildActionMask = 2147483647;
			files = (
				7CE7350B2710B575006CC88E /* SwiftUIExample-3.swift in Sources */,
				7CE734FD270F9931006CC88E /* ContentView.swift in Sources */,
				7CE7350F2710BE60006CC88E /* SwiftUIExample-5.swift in Sources */,
				7CE7350D2710B891006CC88E /* SwiftUIExample-4.swift in Sources */,
				7CE735132710CFCB006CC88E /* SwiftUIExample-7.swift in Sources */,
				7CE734FB270F9931006CC88E /* SwiftUI_String_FunctionsExamplesApp.swift in Sources */,
				7CE735112710C72A006CC88E /* SwiftUIExample-6.swift in Sources */,
				7CE735152710D881006CC88E /* SwiftUIExample-8.swift in Sources */,
				7CE73509270FA1C4006CC88E /* SwiftUIExample-2.swift in Sources */,
			);
			runOnlyForDeploymentPostprocessing = 0;
		};
/* End PBXSourcesBuildPhase section */

/* Begin XCBuildConfiguration section */
		7CE73503270F9932006CC88E /* Debug */ = {
			isa = XCBuildConfiguration;
			buildSettings = {
				ALWAYS_SEARCH_USER_PATHS = NO;
				CLANG_ANALYZER_NONNULL = YES;
				CLANG_ANALYZER_NUMBER_OBJECT_CONVERSION = YES_AGGRESSIVE;
				CLANG_CXX_LANGUAGE_STANDARD = "gnu++17";
				CLANG_CXX_LIBRARY = "libc++";
				CLANG_ENABLE_MODULES = YES;
				CLANG_ENABLE_OBJC_ARC = YES;
				CLANG_ENABLE_OBJC_WEAK = YES;
				CLANG_WARN_BLOCK_CAPTURE_AUTORELEASING = YES;
				CLANG_WARN_BOOL_CONVERSION = YES;
				CLANG_WARN_COMMA = YES;
				CLANG_WARN_CONSTANT_CONVERSION = YES;
				CLANG_WARN_DEPRECATED_OBJC_IMPLEMENTATIONS = YES;
				CLANG_WARN_DIRECT_OBJC_ISA_USAGE = YES_ERROR;
				CLANG_WARN_DOCUMENTATION_COMMENTS = YES;
				CLANG_WARN_EMPTY_BODY = YES;
				CLANG_WARN_ENUM_CONVERSION = YES;
				CLANG_WARN_INFINITE_RECURSION = YES;
				CLANG_WARN_INT_CONVERSION = YES;
				CLANG_WARN_NON_LITERAL_NULL_CONVERSION = YES;
				CLANG_WARN_OBJC_IMPLICIT_RETAIN_SELF = YES;
				CLANG_WARN_OBJC_LITERAL_CONVERSION = YES;
				CLANG_WARN_OBJC_ROOT_CLASS = YES_ERROR;
				CLANG_WARN_QUOTED_INCLUDE_IN_FRAMEWORK_HEADER = YES;
				CLANG_WARN_RANGE_LOOP_ANALYSIS = YES;
				CLANG_WARN_STRICT_PROTOTYPES = YES;
				CLANG_WARN_SUSPICIOUS_MOVE = YES;
				CLANG_WARN_UNGUARDED_AVAILABILITY = YES_AGGRESSIVE;
				CLANG_WARN_UNREACHABLE_CODE = YES;
				CLANG_WARN__DUPLICATE_METHOD_MATCH = YES;
				COPY_PHASE_STRIP = NO;
				DEBUG_INFORMATION_FORMAT = dwarf;
				ENABLE_STRICT_OBJC_MSGSEND = YES;
				ENABLE_TESTABILITY = YES;
				GCC_C_LANGUAGE_STANDARD = gnu11;
				GCC_DYNAMIC_NO_PIC = NO;
				GCC_NO_COMMON_BLOCKS = YES;
				GCC_OPTIMIZATION_LEVEL = 0;
				GCC_PREPROCESSOR_DEFINITIONS = (
					"DEBUG=1",
					"$(inherited)",
				);
				GCC_WARN_64_TO_32_BIT_CONVERSION = YES;
				GCC_WARN_ABOUT_RETURN_TYPE = YES_ERROR;
				GCC_WARN_UNDECLARED_SELECTOR = YES;
				GCC_WARN_UNINITIALIZED_AUTOS = YES_AGGRESSIVE;
				GCC_WARN_UNUSED_FUNCTION = YES;
				GCC_WARN_UNUSED_VARIABLE = YES;
				IPHONEOS_DEPLOYMENT_TARGET = 15.0;
				MTL_ENABLE_DEBUG_INFO = INCLUDE_SOURCE;
				MTL_FAST_MATH = YES;
				ONLY_ACTIVE_ARCH = YES;
				SDKROOT = iphoneos;
				SWIFT_ACTIVE_COMPILATION_CONDITIONS = DEBUG;
				SWIFT_OPTIMIZATION_LEVEL = "-Onone";
			};
			name = Debug;
		};
		7CE73504270F9932006CC88E /* Release */ = {
			isa = XCBuildConfiguration;
			buildSettings = {
				ALWAYS_SEARCH_USER_PATHS = NO;
				CLANG_ANALYZER_NONNULL = YES;
				CLANG_ANALYZER_NUMBER_OBJECT_CONVERSION = YES_AGGRESSIVE;
				CLANG_CXX_LANGUAGE_STANDARD = "gnu++17";
				CLANG_CXX_LIBRARY = "libc++";
				CLANG_ENABLE_MODULES = YES;
				CLANG_ENABLE_OBJC_ARC = YES;
				CLANG_ENABLE_OBJC_WEAK = YES;
				CLANG_WARN_BLOCK_CAPTURE_AUTORELEASING = YES;
				CLANG_WARN_BOOL_CONVERSION = YES;
				CLANG_WARN_COMMA = YES;
				CLANG_WARN_CONSTANT_CONVERSION = YES;
				CLANG_WARN_DEPRECATED_OBJC_IMPLEMENTATIONS = YES;
				CLANG_WARN_DIRECT_OBJC_ISA_USAGE = YES_ERROR;
				CLANG_WARN_DOCUMENTATION_COMMENTS = YES;
				CLANG_WARN_EMPTY_BODY = YES;
				CLANG_WARN_ENUM_CONVERSION = YES;
				CLANG_WARN_INFINITE_RECURSION = YES;
				CLANG_WARN_INT_CONVERSION = YES;
				CLANG_WARN_NON_LITERAL_NULL_CONVERSION = YES;
				CLANG_WARN_OBJC_IMPLICIT_RETAIN_SELF = YES;
				CLANG_WARN_OBJC_LITERAL_CONVERSION = YES;
				CLANG_WARN_OBJC_ROOT_CLASS = YES_ERROR;
				CLANG_WARN_QUOTED_INCLUDE_IN_FRAMEWORK_HEADER = YES;
				CLANG_WARN_RANGE_LOOP_ANALYSIS = YES;
				CLANG_WARN_STRICT_PROTOTYPES = YES;
				CLANG_WARN_SUSPICIOUS_MOVE = YES;
				CLANG_WARN_UNGUARDED_AVAILABILITY = YES_AGGRESSIVE;
				CLANG_WARN_UNREACHABLE_CODE = YES;
				CLANG_WARN__DUPLICATE_METHOD_MATCH = YES;
				COPY_PHASE_STRIP = NO;
				DEBUG_INFORMATION_FORMAT = "dwarf-with-dsym";
				ENABLE_NS_ASSERTIONS = NO;
				ENABLE_STRICT_OBJC_MSGSEND = YES;
				GCC_C_LANGUAGE_STANDARD = gnu11;
				GCC_NO_COMMON_BLOCKS = YES;
				GCC_WARN_64_TO_32_BIT_CONVERSION = YES;
				GCC_WARN_ABOUT_RETURN_TYPE = YES_ERROR;
				GCC_WARN_UNDECLARED_SELECTOR = YES;
				GCC_WARN_UNINITIALIZED_AUTOS = YES_AGGRESSIVE;
				GCC_WARN_UNUSED_FUNCTION = YES;
				GCC_WARN_UNUSED_VARIABLE = YES;
				IPHONEOS_DEPLOYMENT_TARGET = 15.0;
				MTL_ENABLE_DEBUG_INFO = NO;
				MTL_FAST_MATH = YES;
				SDKROOT = iphoneos;
				SWIFT_COMPILATION_MODE = wholemodule;
				SWIFT_OPTIMIZATION_LEVEL = "-O";
				VALIDATE_PRODUCT = YES;
			};
			name = Release;
		};
		7CE73506270F9932006CC88E /* Debug */ = {
			isa = XCBuildConfiguration;
			buildSettings = {
				ASSETCATALOG_COMPILER_APPICON_NAME = AppIcon;
				ASSETCATALOG_COMPILER_GLOBAL_ACCENT_COLOR_NAME = AccentColor;
				CODE_SIGN_STYLE = Automatic;
				CURRENT_PROJECT_VERSION = 1;
				DEVELOPMENT_ASSET_PATHS = "\"SwiftUI-String&FunctionsExamples/Preview Content\"";
				ENABLE_PREVIEWS = YES;
				GENERATE_INFOPLIST_FILE = YES;
				INFOPLIST_KEY_UIApplicationSceneManifest_Generation = YES;
				INFOPLIST_KEY_UIApplicationSupportsIndirectInputEvents = YES;
				INFOPLIST_KEY_UILaunchScreen_Generation = YES;
				INFOPLIST_KEY_UISupportedInterfaceOrientations_iPad = "UIInterfaceOrientationPortrait UIInterfaceOrientationPortraitUpsideDown UIInterfaceOrientationLandscapeLeft UIInterfaceOrientationLandscapeRight";
				INFOPLIST_KEY_UISupportedInterfaceOrientations_iPhone = "UIInterfaceOrientationPortrait UIInterfaceOrientationLandscapeLeft UIInterfaceOrientationLandscapeRight";
				IPHONEOS_DEPLOYMENT_TARGET = 14.0;
				LD_RUNPATH_SEARCH_PATHS = (
					"$(inherited)",
					"@executable_path/Frameworks",
				);
				MARKETING_VERSION = 1.0;
				PRODUCT_BUNDLE_IDENTIFIER = "info.SwiftUI-String-FunctionsExamples";
				PRODUCT_NAME = "$(TARGET_NAME)";
				SWIFT_EMIT_LOC_STRINGS = YES;
				SWIFT_VERSION = 5.0;
				TARGETED_DEVICE_FAMILY = "1,2";
			};
			name = Debug;
		};
		7CE73507270F9932006CC88E /* Release */ = {
			isa = XCBuildConfiguration;
			buildSettings = {
				ASSETCATALOG_COMPILER_APPICON_NAME = AppIcon;
				ASSETCATALOG_COMPILER_GLOBAL_ACCENT_COLOR_NAME = AccentColor;
				CODE_SIGN_STYLE = Automatic;
				CURRENT_PROJECT_VERSION = 1;
				DEVELOPMENT_ASSET_PATHS = "\"SwiftUI-String&FunctionsExamples/Preview Content\"";
				ENABLE_PREVIEWS = YES;
				GENERATE_INFOPLIST_FILE = YES;
				INFOPLIST_KEY_UIApplicationSceneManifest_Generation = YES;
				INFOPLIST_KEY_UIApplicationSupportsIndirectInputEvents = YES;
				INFOPLIST_KEY_UILaunchScreen_Generation = YES;
				INFOPLIST_KEY_UISupportedInterfaceOrientations_iPad = "UIInterfaceOrientationPortrait UIInterfaceOrientationPortraitUpsideDown UIInterfaceOrientationLandscapeLeft UIInterfaceOrientationLandscapeRight";
				INFOPLIST_KEY_UISupportedInterfaceOrientations_iPhone = "UIInterfaceOrientationPortrait UIInterfaceOrientationLandscapeLeft UIInterfaceOrientationLandscapeRight";
				IPHONEOS_DEPLOYMENT_TARGET = 14.0;
				LD_RUNPATH_SEARCH_PATHS = (
					"$(inherited)",
					"@executable_path/Frameworks",
				);
				MARKETING_VERSION = 1.0;
				PRODUCT_BUNDLE_IDENTIFIER = "info.SwiftUI-String-FunctionsExamples";
				PRODUCT_NAME = "$(TARGET_NAME)";
				SWIFT_EMIT_LOC_STRINGS = YES;
				SWIFT_VERSION = 5.0;
				TARGETED_DEVICE_FAMILY = "1,2";
			};
			name = Release;
		};
/* End XCBuildConfiguration section */

/* Begin XCConfigurationList section */
		7CE734F2270F9931006CC88E /* Build configuration list for PBXProject "SwiftUI-String&FunctionsExamples" */ = {
			isa = XCConfigurationList;
			buildConfigurations = (
				7CE73503270F9932006CC88E /* Debug */,
				7CE73504270F9932006CC88E /* Release */,
			);
			defaultConfigurationIsVisible = 0;
			defaultConfigurationName = Release;
		};
		7CE73505270F9932006CC88E /* Build configuration list for PBXNativeTarget "SwiftUI-String&FunctionsExamples" */ = {
			isa = XCConfigurationList;
			buildConfigurations = (
				7CE73506270F9932006CC88E /* Debug */,
				7CE73507270F9932006CC88E /* Release */,
			);
			defaultConfigurationIsVisible = 0;
			defaultConfigurationName = Release;
		};
/* End XCConfigurationList section */
	};
	rootObject = 7CE734EF270F9931006CC88E /* Project object */;
}
